
Microsoft Visual Studio Solution File, Format Version 12.00
# Visual Studio Version 17
VisualStudioVersion = 17.14.36429.23 d17.14
MinimumVisualStudioVersion = 10.0.40219.1
Project("{FAE04EC0-301F-11D3-BF4B-00C04F79EFBC}") = "Program1", "Program1\Program1.csproj", "{F5A6B1B9-090F-4DBE-8A5D-2A28591B625D}"
EndProject
Global
	GlobalSection(SolutionConfigurationPlatforms) = preSolution
		Debug|Any CPU = Debug|Any CPU
		Release|Any CPU = Release|Any CPU
	EndGlobalSection
	GlobalSection(ProjectConfigurationPlatforms) = postSolution
		{F5A6B1B9-090F-4DBE-8A5D-2A28591B625D}.Debug|Any CPU.ActiveCfg = Debug|Any CPU
		{F5A6B1B9-090F-4DBE-8A5D-2A28591B625D}.Debug|Any CPU.Build.0 = Debug|Any CPU
		{F5A6B1B9-090F-4DBE-8A5D-2A28591B625D}.Release|Any CPU.ActiveCfg = Release|Any CPU
		{F5A6B1B9-090F-4DBE-8A5D-2A28591B625D}.Release|Any CPU.Build.0 = Release|Any CPU
	EndGlobalSection
	GlobalSection(SolutionProperties) = preSolution
		HideSolutionNode = FALSE
	EndGlobalSection
	GlobalSection(ExtensibilityGlobals) = postSolution
		SolutionGuid = {067ABBD0-B9FB-4FA7-AE5E-2375C011154C}
	EndGlobalSection
EndGlobal
